github.com/allegro/bigcache v1.2.1 h1:hg1sY1raCwic3Vnsvje6TT7/pnZba83LeFck5NrFKSc=
github.com/allegro/bigcache v1.2.1/go.mod h1:Cb/ax3seSYIx7SuZdm2G2xzfwmv3TPSk2ucNfQESPXM=
github.com/dutchcoders/gopastebin v0.0.0-20180611151204-e03ff0458f61 h1:78xnVRRBQKuXZrdtLgAEVOrJenzoT8g2XSy3OOLTwU0=
github.com/dutchcoders/gopastebin v0.0.0-20180611151204-e03ff0458f61/go.mod h1:J7cOR7DPkfdelJJSNU9tfDYsfv3MzW590kfIssY4+Z4=
